
Microsoft Visual Studio Solution File, Format Version 10.00
# Visual Studio 2008
Project("{8BC9CEB8-8B4A-11D0-8D11-00A0C91BC942}") = "PasswordCracker", "PasswordCracker\PasswordCracker.vcproj", "{A935ECE4-DD15-4E8B-9994-A20679B61876}"
	ProjectSection(ProjectDependencies) = postProject
		{D82A7305-88A2-48BF-8AC8-FF00E545FBF2} = {D82A7305-88A2-48BF-8AC8-FF00E545FBF2}
		{37F9918A-25DB-409E-BEAF-5FA6E3874125} = {37F9918A-25DB-409E-BEAF-5FA6E3874125}
	EndProjectSection
EndProject
Project("{8BC9CEB8-8B4A-11D0-8D11-00A0C91BC942}") = "CoreHashes", "CoreHashes\CoreHashes.vcproj", "{D82A7305-88A2-48BF-8AC8-FF00E545FBF2}"
EndProject
Project("{8BC9CEB8-8B4A-11D0-8D11-00A0C91BC942}") = "CrackThread", "CrackThread\CrackThread.vcproj", "{37F9918A-25DB-409E-BEAF-5FA6E3874125}"
EndProject
Project("{8BC9CEB8-8B4A-11D0-8D11-00A0C91BC942}") = "CrackServer", "CrackServer\CrackServer.vcproj", "{9A95A001-41F3-4E40-904C-BD07BC2C5F6A}"
	ProjectSection(ProjectDependencies) = postProject
		{D82A7305-88A2-48BF-8AC8-FF00E545FBF2} = {D82A7305-88A2-48BF-8AC8-FF00E545FBF2}
		{37F9918A-25DB-409E-BEAF-5FA6E3874125} = {37F9918A-25DB-409E-BEAF-5FA6E3874125}
	EndProjectSection
EndProject
Global
	GlobalSection(SolutionConfigurationPlatforms) = preSolution
		Debug|Win32 = Debug|Win32
		Release|Win32 = Release|Win32
	EndGlobalSection
	GlobalSection(ProjectConfigurationPlatforms) = postSolution
		{A935ECE4-DD15-4E8B-9994-A20679B61876}.Debug|Win32.ActiveCfg = Debug|Win32
		{A935ECE4-DD15-4E8B-9994-A20679B61876}.Debug|Win32.Build.0 = Debug|Win32
		{A935ECE4-DD15-4E8B-9994-A20679B61876}.Release|Win32.ActiveCfg = Release|Win32
		{A935ECE4-DD15-4E8B-9994-A20679B61876}.Release|Win32.Build.0 = Release|Win32
		{D82A7305-88A2-48BF-8AC8-FF00E545FBF2}.Debug|Win32.ActiveCfg = Debug|Win32
		{D82A7305-88A2-48BF-8AC8-FF00E545FBF2}.Debug|Win32.Build.0 = Debug|Win32
		{D82A7305-88A2-48BF-8AC8-FF00E545FBF2}.Release|Win32.ActiveCfg = Release|Win32
		{D82A7305-88A2-48BF-8AC8-FF00E545FBF2}.Release|Win32.Build.0 = Release|Win32
		{37F9918A-25DB-409E-BEAF-5FA6E3874125}.Debug|Win32.ActiveCfg = Debug|Win32
		{37F9918A-25DB-409E-BEAF-5FA6E3874125}.Debug|Win32.Build.0 = Debug|Win32
		{37F9918A-25DB-409E-BEAF-5FA6E3874125}.Release|Win32.ActiveCfg = Release|Win32
		{37F9918A-25DB-409E-BEAF-5FA6E3874125}.Release|Win32.Build.0 = Release|Win32
		{9A95A001-41F3-4E40-904C-BD07BC2C5F6A}.Debug|Win32.ActiveCfg = Debug|Win32
		{9A95A001-41F3-4E40-904C-BD07BC2C5F6A}.Debug|Win32.Build.0 = Debug|Win32
		{9A95A001-41F3-4E40-904C-BD07BC2C5F6A}.Release|Win32.ActiveCfg = Release|Win32
		{9A95A001-41F3-4E40-904C-BD07BC2C5F6A}.Release|Win32.Build.0 = Release|Win32
	EndGlobalSection
	GlobalSection(SolutionProperties) = preSolution
		HideSolutionNode = FALSE
	EndGlobalSection
EndGlobal
